// !$*UTF8*$!
{
	archiveVersion = 1;
	classes = {
	};
	objectVersion = 50;
	objects = {

/* Begin PBXBuildFile section */
		8E626317219EB5D100E1F1AB /* AppDelegate.swift in Sources */ = {isa = PBXBuildFile; fileRef = 8E626316219EB5D100E1F1AB /* AppDelegate.swift */; };
		8E626319219EB5D100E1F1AB /* RootViewController.swift in Sources */ = {isa = PBXBuildFile; fileRef = 8E626318219EB5D100E1F1AB /* RootViewController.swift */; };
		8E62631B219EB5D100E1F1AB /* DataViewController.swift in Sources */ = {isa = PBXBuildFile; fileRef = 8E62631A219EB5D100E1F1AB /* DataViewController.swift */; };
		8E62631D219EB5D100E1F1AB /* ModelController.swift in Sources */ = {isa = PBXBuildFile; fileRef = 8E62631C219EB5D100E1F1AB /* ModelController.swift */; };
		8E626320219EB5D100E1F1AB /* Main.storyboard in Resources */ = {isa = PBXBuildFile; fileRef = 8E62631E219EB5D100E1F1AB /* Main.storyboard */; };
		8E626322219EB5D200E1F1AB /* Assets.xcassets in Resources */ = {isa = PBXBuildFile; fileRef = 8E626321219EB5D200E1F1AB /* Assets.xcassets */; };
		8E626325219EB5D200E1F1AB /* LaunchScreen.storyboard in Resources */ = {isa = PBXBuildFile; fileRef = 8E626323219EB5D200E1F1AB /* LaunchScreen.storyboard */; };
/* End PBXBuildFile section */

/* Begin PBXFileReference section */
		8E626313219EB5D100E1F1AB /* Open Seat App (Page based).app */ = {isa = PBXFileReference; explicitFileType = wrapper.application; includeInIndex = 0; path = "Open Seat App (Page based).app"; sourceTree = BUILT_PRODUCTS_DIR; };
		8E626316219EB5D100E1F1AB /* AppDelegate.swift */ = {isa = PBXFileReference; lastKnownFileType = sourcecode.swift; path = AppDelegate.swift; sourceTree = "<group>"; };
		8E626318219EB5D100E1F1AB /* RootViewController.swift */ = {isa = PBXFileReference; lastKnownFileType = sourcecode.swift; path = RootViewController.swift; sourceTree = "<group>"; };
		8E62631A219EB5D100E1F1AB /* DataViewController.swift */ = {isa = PBXFileReference; lastKnownFileType = sourcecode.swift; path = DataViewController.swift; sourceTree = "<group>"; };
		8E62631C219EB5D100E1F1AB /* ModelController.swift */ = {isa = PBXFileReference; lastKnownFileType = sourcecode.swift; path = ModelController.swift; sourceTree = "<group>"; };
		8E62631F219EB5D100E1F1AB /* Base */ = {isa = PBXFileReference; lastKnownFileType = file.storyboard; name = Base; path = Base.lproj/Main.storyboard; sourceTree = "<group>"; };
		8E626321219EB5D200E1F1AB /* Assets.xcassets */ = {isa = PBXFileReference; lastKnownFileType = folder.assetcatalog; path = Assets.xcassets; sourceTree = "<group>"; };
		8E626324219EB5D200E1F1AB /* Base */ = {isa = PBXFileReference; lastKnownFileType = file.storyboard; name = Base; path = Base.lproj/LaunchScreen.storyboard; sourceTree = "<group>"; };
		8E626326219EB5D200E1F1AB /* Info.plist */ = {isa = PBXFileReference; lastKnownFileType = text.plist.xml; path = Info.plist; sourceTree = "<group>"; };
/* End PBXFileReference section */

/* Begin PBXFrameworksBuildPhase section */
		8E626310219EB5D100E1F1AB /* Frameworks */ = {
			isa = PBXFrameworksBuildPhase;
			buildActionMask = 2147483647;
			files = (
			);
			runOnlyForDeploymentPostprocessing = 0;
		};
/* End PBXFrameworksBuildPhase section */

/* Begin PBXGroup section */
		8E62630A219EB5D100E1F1AB = {
			isa = PBXGroup;
			children = (
				8E626315219EB5D100E1F1AB /* Open Seat App (Page based) */,
				8E626314219EB5D100E1F1AB /* Products */,
			);
			sourceTree = "<group>";
		};
		8E626314219EB5D100E1F1AB /* Products */ = {
			isa = PBXGroup;
			children = (
				8E626313219EB5D100E1F1AB /* Open Seat App (Page based).app */,
			);
			name = Products;
			sourceTree = "<group>";
		};
		8E626315219EB5D100E1F1AB /* Open Seat App (Page based) */ = {
			isa = PBXGroup;
			children = (
				8E626316219EB5D100E1F1AB /* AppDelegate.swift */,
				8E626318219EB5D100E1F1AB /* RootViewController.swift */,
				8E62631A219EB5D100E1F1AB /* DataViewController.swift */,
				8E62631C219EB5D100E1F1AB /* ModelController.swift */,
				8E62631E219EB5D100E1F1AB /* Main.storyboard */,
				8E626321219EB5D200E1F1AB /* Assets.xcassets */,
				8E626323219EB5D200E1F1AB /* LaunchScreen.storyboard */,
				8E626326219EB5D200E1F1AB /* Info.plist */,
			);
			path = "Open Seat App (Page based)";
			sourceTree = "<group>";
		};
/* End PBXGroup section */

/* Begin PBXNativeTarget section */
		8E626312219EB5D100E1F1AB /* Open Seat App (Page based) */ = {
			isa = PBXNativeTarget;
			buildConfigurationList = 8E626329219EB5D200E1F1AB /* Build configuration list for PBXNativeTarget "Open Seat App (Page based)" */;
			buildPhases = (
				8E62630F219EB5D100E1F1AB /* Sources */,
				8E626310219EB5D100E1F1AB /* Frameworks */,
				8E626311219EB5D100E1F1AB /* Resources */,
			);
			buildRules = (
			);
			dependencies = (
			);
			name = "Open Seat App (Page based)";
			productName = "Open Seat App (Page based)";
			productReference = 8E626313219EB5D100E1F1AB /* Open Seat App (Page based).app */;
			productType = "com.apple.product-type.application";
		};
/* End PBXNativeTarget section */

/* Begin PBXProject section */
		8E62630B219EB5D100E1F1AB /* Project object */ = {
			isa = PBXProject;
			attributes = {
				LastSwiftUpdateCheck = 1010;
				LastUpgradeCheck = 1010;
				ORGANIZATIONNAME = "Anthony Gatte";
				TargetAttributes = {
					8E626312219EB5D100E1F1AB = {
						CreatedOnToolsVersion = 10.1;
					};
				};
			};
			buildConfigurationList = 8E62630E219EB5D100E1F1AB /* Build configuration list for PBXProject "Open Seat App (Page based)" */;
			compatibilityVersion = "Xcode 9.3";
			developmentRegion = en;
			hasScannedForEncodings = 0;
			knownRegions = (
				en,
				Base,
			);
			mainGroup = 8E62630A219EB5D100E1F1AB;
			productRefGroup = 8E626314219EB5D100E1F1AB /* Products */;
			projectDirPath = "";
			projectRoot = "";
			targets = (
				8E626312219EB5D100E1F1AB /* Open Seat App (Page based) */,
			);
		};
/* End PBXProject section */

/* Begin PBXResourcesBuildPhase section */
		8E626311219EB5D100E1F1AB /* Resources */ = {
			isa = PBXResourcesBuildPhase;
			buildActionMask = 2147483647;
			files = (
				8E626325219EB5D200E1F1AB /* LaunchScreen.storyboard in Resources */,
				8E626322219EB5D200E1F1AB /* Assets.xcassets in Resources */,
				8E626320219EB5D100E1F1AB /* Main.storyboard in Resources */,
			);
			runOnlyForDeploymentPostprocessing = 0;
		};
/* End PBXResourcesBuildPhase section */

/* Begin PBXSourcesBuildPhase section */
		8E62630F219EB5D100E1F1AB /* Sources */ = {
			isa = PBXSourcesBuildPhase;
			buildActionMask = 2147483647;
			files = (
				8E626319219EB5D100E1F1AB /* RootViewController.swift in Sources */,
				8E62631D219EB5D100E1F1AB /* ModelController.swift in Sources */,
				8E62631B219EB5D100E1F1AB /* DataViewController.swift in Sources */,
				8E626317219EB5D100E1F1AB /* AppDelegate.swift in Sources */,
			);
			runOnlyForDeploymentPostprocessing = 0;
		};
/* End PBXSourcesBuildPhase section */

/* Begin PBXVariantGroup section */
		8E62631E219EB5D100E1F1AB /* Main.storyboard */ = {
			isa = PBXVariantGroup;
			children = (
				8E62631F219EB5D100E1F1AB /* Base */,
			);
			name = Main.storyboard;
			sourceTree = "<group>";
		};
		8E626323219EB5D200E1F1AB /* LaunchScreen.storyboard */ = {
			isa = PBXVariantGroup;
			children = (
				8E626324219EB5D200E1F1AB /* Base */,
			);
			name = LaunchScreen.storyboard;
			sourceTree = "<group>";
		};
/* End PBXVariantGroup section */

/* Begin XCBuildConfiguration section */
		8E626327219EB5D200E1F1AB /* Debug */ = {
			isa = XCBuildConfiguration;
			buildSettings = {
				ALWAYS_SEARCH_USER_PATHS = NO;
				CLANG_ANALYZER_NONNULL = YES;
				CLANG_ANALYZER_NUMBER_OBJECT_CONVERSION = YES_AGGRESSIVE;
				CLANG_CXX_LANGUAGE_STANDARD = "gnu++14";
				CLANG_CXX_LIBRARY = "libc++";
				CLANG_ENABLE_MODULES = YES;
				CLANG_ENABLE_OBJC_ARC = YES;
				CLANG_ENABLE_OBJC_WEAK = YES;
				CLANG_WARN_BLOCK_CAPTURE_AUTORELEASING = YES;
				CLANG_WARN_BOOL_CONVERSION = YES;
				CLANG_WARN_COMMA = YES;
				CLANG_WARN_CONSTANT_CONVERSION = YES;
				CLANG_WARN_DEPRECATED_OBJC_IMPLEMENTATIONS = YES;
				CLANG_WARN_DIRECT_OBJC_ISA_USAGE = YES_ERROR;
				CLANG_WARN_DOCUMENTATION_COMMENTS = YES;
				CLANG_WARN_EMPTY_BODY = YES;
				CLANG_WARN_ENUM_CONVERSION = YES;
				CLANG_WARN_INFINITE_RECURSION = YES;
				CLANG_WARN_INT_CONVERSION = YES;
				CLANG_WARN_NON_LITERAL_NULL_CONVERSION = YES;
				CLANG_WARN_OBJC_IMPLICIT_RETAIN_SELF = YES;
				CLANG_WARN_OBJC_LITERAL_CONVERSION = YES;
				CLANG_WARN_OBJC_ROOT_CLASS = YES_ERROR;
				CLANG_WARN_RANGE_LOOP_ANALYSIS = YES;
				CLANG_WARN_STRICT_PROTOTYPES = YES;
				CLANG_WARN_SUSPICIOUS_MOVE = YES;
				CLANG_WARN_UNGUARDED_AVAILABILITY = YES_AGGRESSIVE;
				CLANG_WARN_UNREACHABLE_CODE = YES;
				CLANG_WARN__DUPLICATE_METHOD_MATCH = YES;
				CODE_SIGN_IDENTITY = "iPhone Developer";
				COPY_PHASE_STRIP = NO;
				DEBUG_INFORMATION_FORMAT = dwarf;
				ENABLE_STRICT_OBJC_MSGSEND = YES;
				ENABLE_TESTABILITY = YES;
				GCC_C_LANGUAGE_STANDARD = gnu11;
				GCC_DYNAMIC_NO_PIC = NO;
				GCC_NO_COMMON_BLOCKS = YES;
				GCC_OPTIMIZATION_LEVEL = 0;
				GCC_PREPROCESSOR_DEFINITIONS = (
					"DEBUG=1",
					"$(inherited)",
				);
				GCC_WARN_64_TO_32_BIT_CONVERSION = YES;
				GCC_WARN_ABOUT_RETURN_TYPE = YES_ERROR;
				GCC_WARN_UNDECLARED_SELECTOR = YES;
				GCC_WARN_UNINITIALIZED_AUTOS = YES_AGGRESSIVE;
				GCC_WARN_UNUSED_FUNCTION = YES;
				GCC_WARN_UNUSED_VARIABLE = YES;
				IPHONEOS_DEPLOYMENT_TARGET = 12.1;
				MTL_ENABLE_DEBUG_INFO = INCLUDE_SOURCE;
				MTL_FAST_MATH = YES;
				ONLY_ACTIVE_ARCH = YES;
				SDKROOT = iphoneos;
				SWIFT_ACTIVE_COMPILATION_CONDITIONS = DEBUG;
				SWIFT_OPTIMIZATION_LEVEL = "-Onone";
			};
			name = Debug;
		};
		8E626328219EB5D200E1F1AB /* Release */ = {
			isa = XCBuildConfiguration;
			buildSettings = {
				ALWAYS_SEARCH_USER_PATHS = NO;
				CLANG_ANALYZER_NONNULL = YES;
				CLANG_ANALYZER_NUMBER_OBJECT_CONVERSION = YES_AGGRESSIVE;
				CLANG_CXX_LANGUAGE_STANDARD = "gnu++14";
				CLANG_CXX_LIBRARY = "libc++";
				CLANG_ENABLE_MODULES = YES;
				CLANG_ENABLE_OBJC_ARC = YES;
				CLANG_ENABLE_OBJC_WEAK = YES;
				CLANG_WARN_BLOCK_CAPTURE_AUTORELEASING = YES;
				CLANG_WARN_BOOL_CONVERSION = YES;
				CLANG_WARN_COMMA = YES;
				CLANG_WARN_CONSTANT_CONVERSION = YES;
				CLANG_WARN_DEPRECATED_OBJC_IMPLEMENTATIONS = YES;
				CLANG_WARN_DIRECT_OBJC_ISA_USAGE = YES_ERROR;
				CLANG_WARN_DOCUMENTATION_COMMENTS = YES;
				CLANG_WARN_EMPTY_BODY = YES;
				CLANG_WARN_ENUM_CONVERSION = YES;
				CLANG_WARN_INFINITE_RECURSION = YES;
				CLANG_WARN_INT_CONVERSION = YES;
				CLANG_WARN_NON_LITERAL_NULL_CONVERSION = YES;
				CLANG_WARN_OBJC_IMPLICIT_RETAIN_SELF = YES;
				CLANG_WARN_OBJC_LITERAL_CONVERSION = YES;
				CLANG_WARN_OBJC_ROOT_CLASS = YES_ERROR;
				CLANG_WARN_RANGE_LOOP_ANALYSIS = YES;
				CLANG_WARN_STRICT_PROTOTYPES = YES;
				CLANG_WARN_SUSPICIOUS_MOVE = YES;
				CLANG_WARN_UNGUARDED_AVAILABILITY = YES_AGGRESSIVE;
				CLANG_WARN_UNREACHABLE_CODE = YES;
				CLANG_WARN__DUPLICATE_METHOD_MATCH = YES;
				CODE_SIGN_IDENTITY = "iPhone Developer";
				COPY_PHASE_STRIP = NO;
				DEBUG_INFORMATION_FORMAT = "dwarf-with-dsym";
				ENABLE_NS_ASSERTIONS = NO;
				ENABLE_STRICT_OBJC_MSGSEND = YES;
				GCC_C_LANGUAGE_STANDARD = gnu11;
				GCC_NO_COMMON_BLOCKS = YES;
				GCC_WARN_64_TO_32_BIT_CONVERSION = YES;
				GCC_WARN_ABOUT_RETURN_TYPE = YES_ERROR;
				GCC_WARN_UNDECLARED_SELECTOR = YES;
				GCC_WARN_UNINITIALIZED_AUTOS = YES_AGGRESSIVE;
				GCC_WARN_UNUSED_FUNCTION = YES;
				GCC_WARN_UNUSED_VARIABLE = YES;
				IPHONEOS_DEPLOYMENT_TARGET = 12.1;
				MTL_ENABLE_DEBUG_INFO = NO;
				MTL_FAST_MATH = YES;
				SDKROOT = iphoneos;
				SWIFT_COMPILATION_MODE = wholemodule;
				SWIFT_OPTIMIZATION_LEVEL = "-O";
				VALIDATE_PRODUCT = YES;
			};
			name = Release;
		};
		8E62632A219EB5D200E1F1AB /* Debug */ = {
			isa = XCBuildConfiguration;
			buildSettings = {
				ASSETCATALOG_COMPILER_APPICON_NAME = AppIcon;
				CODE_SIGN_STYLE = Automatic;
				DEVELOPMENT_TEAM = NTQ372DUZC;
				INFOPLIST_FILE = "Open Seat App (Page based)/Info.plist";
				LD_RUNPATH_SEARCH_PATHS = (
					"$(inherited)",
					"@executable_path/Frameworks",
				);
				PRODUCT_BUNDLE_IDENTIFIER = "com.anthony.Open-Seat-App--Page-based-";
				PRODUCT_NAME = "$(TARGET_NAME)";
				SWIFT_VERSION = 4.2;
				TARGETED_DEVICE_FAMILY = "1,2";
			};
			name = Debug;
		};
		8E62632B219EB5D200E1F1AB /* Release */ = {
			isa = XCBuildConfiguration;
			buildSettings = {
				ASSETCATALOG_COMPILER_APPICON_NAME = AppIcon;
				CODE_SIGN_STYLE = Automatic;
				DEVELOPMENT_TEAM = NTQ372DUZC;
				INFOPLIST_FILE = "Open Seat App (Page based)/Info.plist";
				LD_RUNPATH_SEARCH_PATHS = (
					"$(inherited)",
					"@executable_path/Frameworks",
				);
				PRODUCT_BUNDLE_IDENTIFIER = "com.anthony.Open-Seat-App--Page-based-";
				PRODUCT_NAME = "$(TARGET_NAME)";
				SWIFT_VERSION = 4.2;
				TARGETED_DEVICE_FAMILY = "1,2";
			};
			name = Release;
		};
/* End XCBuildConfiguration section */

/* Begin XCConfigurationList section */
		8E62630E219EB5D100E1F1AB /* Build configuration list for PBXProject "Open Seat App (Page based)" */ = {
			isa = XCConfigurationList;
			buildConfigurations = (
				8E626327219EB5D200E1F1AB /* Debug */,
				8E626328219EB5D200E1F1AB /* Release */,
			);
			defaultConfigurationIsVisible = 0;
			defaultConfigurationName = Release;
		};
		8E626329219EB5D200E1F1AB /* Build configuration list for PBXNativeTarget "Open Seat App (Page based)" */ = {
			isa = XCConfigurationList;
			buildConfigurations = (
				8E62632A219EB5D200E1F1AB /* Debug */,
				8E62632B219EB5D200E1F1AB /* Release */,
			);
			defaultConfigurationIsVisible = 0;
			defaultConfigurationName = Release;
		};
/* End XCConfigurationList section */
	};
	rootObject = 8E62630B219EB5D100E1F1AB /* Project object */;
}
